
Microsoft Visual Studio Solution File, Format Version 12.00
# Visual Studio Version 17
VisualStudioVersion = 17.8.34322.80
MinimumVisualStudioVersion = 10.0.40219.1
Project("{FAE04EC0-301F-11D3-BF4B-00C04F79EFBC}") = "Parprog Lisbeth Miguel", "Parprog Lisbeth Miguel.csproj", "{C4217F0C-3796-46E3-AFE4-3D0A9858951F}"
EndProject
Global
	GlobalSection(SolutionConfigurationPlatforms) = preSolution
		Debug|Any CPU = Debug|Any CPU
		Release|Any CPU = Release|Any CPU
	EndGlobalSection
	GlobalSection(ProjectConfigurationPlatforms) = postSolution
		{C4217F0C-3796-46E3-AFE4-3D0A9858951F}.Debug|Any CPU.ActiveCfg = Debug|Any CPU
		{C4217F0C-3796-46E3-AFE4-3D0A9858951F}.Debug|Any CPU.Build.0 = Debug|Any CPU
		{C4217F0C-3796-46E3-AFE4-3D0A9858951F}.Release|Any CPU.ActiveCfg = Release|Any CPU
		{C4217F0C-3796-46E3-AFE4-3D0A9858951F}.Release|Any CPU.Build.0 = Release|Any CPU
	EndGlobalSection
	GlobalSection(SolutionProperties) = preSolution
		HideSolutionNode = FALSE
	EndGlobalSection
	GlobalSection(ExtensibilityGlobals) = postSolution
		SolutionGuid = {DF62CD1D-2272-4653-A83F-329AFE7E6E41}
	EndGlobalSection
EndGlobal
